// !$*UTF8*$!
{
	archiveVersion = 1;
	classes = {
	};
	objectVersion = 56;
	objects = {

/* Begin PBXBuildFile section */
		0928C88F2C19FBE100CBFF3F /* СhooseRoomView.swift in Sources */ = {isa = PBXBuildFile; fileRef = 0928C88E2C19FBE100CBFF3F /* СhooseRoomView.swift */; };
		0928C8932C19FC4400CBFF3F /* JoinRoomView.swift in Sources */ = {isa = PBXBuildFile; fileRef = 0928C8922C19FC4400CBFF3F /* JoinRoomView.swift */; };
		0928C8952C1A00E000CBFF3F /* Room.swift in Sources */ = {isa = PBXBuildFile; fileRef = 0928C8942C1A00E000CBFF3F /* Room.swift */; };
		0928C8972C1A00F300CBFF3F /* RoomViewModel.swift in Sources */ = {isa = PBXBuildFile; fileRef = 0928C8962C1A00F300CBFF3F /* RoomViewModel.swift */; };
		0928C8992C1A0C2400CBFF3F /* ProfileView.swift in Sources */ = {isa = PBXBuildFile; fileRef = 0928C8982C1A0C2400CBFF3F /* ProfileView.swift */; };
		0928C89B2C1A0C5C00CBFF3F /* ProfileViewModel.swift in Sources */ = {isa = PBXBuildFile; fileRef = 0928C89A2C1A0C5C00CBFF3F /* ProfileViewModel.swift */; };
		0928C89D2C1A107B00CBFF3F /* GameRoomView.swift in Sources */ = {isa = PBXBuildFile; fileRef = 0928C89C2C1A107B00CBFF3F /* GameRoomView.swift */; };
		0928C89F2C1A130400CBFF3F /* CustomCellView.swift in Sources */ = {isa = PBXBuildFile; fileRef = 0928C89E2C1A130400CBFF3F /* CustomCellView.swift */; };
		0928C8A12C1A131A00CBFF3F /* TableViewModel.swift in Sources */ = {isa = PBXBuildFile; fileRef = 0928C8A02C1A131A00CBFF3F /* TableViewModel.swift */; };
		0928C8A32C1A132B00CBFF3F /* GameRoomSettingsView.swift in Sources */ = {isa = PBXBuildFile; fileRef = 0928C8A22C1A132B00CBFF3F /* GameRoomSettingsView.swift */; };
		0994E7F22C1F9D5D0065D49C /* ViewInspector in Frameworks */ = {isa = PBXBuildFile; productRef = 0994E7F12C1F9D5D0065D49C /* ViewInspector */; };
		0994E7F42C1F9D650065D49C /* ViewInspector in Frameworks */ = {isa = PBXBuildFile; productRef = 0994E7F32C1F9D650065D49C /* ViewInspector */; };
		099764B02C1AD0770031B0F7 /* IntegrationTests.swift in Sources */ = {isa = PBXBuildFile; fileRef = 099764AF2C1AD0770031B0F7 /* IntegrationTests.swift */; };
		09BF631F2C146A10009E2B18 /* ScrabbleGameApp.swift in Sources */ = {isa = PBXBuildFile; fileRef = 09BF631E2C146A10009E2B18 /* ScrabbleGameApp.swift */; };
		09BF63212C146A10009E2B18 /* ContentView.swift in Sources */ = {isa = PBXBuildFile; fileRef = 09BF63202C146A10009E2B18 /* ContentView.swift */; };
		09BF63232C146A12009E2B18 /* Assets.xcassets in Resources */ = {isa = PBXBuildFile; fileRef = 09BF63222C146A12009E2B18 /* Assets.xcassets */; };
		09BF63262C146A12009E2B18 /* Preview Assets.xcassets in Resources */ = {isa = PBXBuildFile; fileRef = 09BF63252C146A12009E2B18 /* Preview Assets.xcassets */; };
		09BF63282C146A12009E2B18 /* Persistence.swift in Sources */ = {isa = PBXBuildFile; fileRef = 09BF63272C146A12009E2B18 /* Persistence.swift */; };
		09BF632B2C146A12009E2B18 /* ScrabbleGame.xcdatamodeld in Sources */ = {isa = PBXBuildFile; fileRef = 09BF63292C146A12009E2B18 /* ScrabbleGame.xcdatamodeld */; };
		09BF63322C146FCB009E2B18 /* SplashScreenView.swift in Sources */ = {isa = PBXBuildFile; fileRef = 09BF63312C146FCB009E2B18 /* SplashScreenView.swift */; };
		09BF63342C147013009E2B18 /* SessionManager.swift in Sources */ = {isa = PBXBuildFile; fileRef = 09BF63332C147013009E2B18 /* SessionManager.swift */; };
		09BF63362C14704B009E2B18 /* UserManager.swift in Sources */ = {isa = PBXBuildFile; fileRef = 09BF63352C14704B009E2B18 /* UserManager.swift */; };
		09BF63382C14706B009E2B18 /* User.swift in Sources */ = {isa = PBXBuildFile; fileRef = 09BF63372C14706B009E2B18 /* User.swift */; };
		09BF633A2C1470A4009E2B18 /* LoginView.swift in Sources */ = {isa = PBXBuildFile; fileRef = 09BF63392C1470A3009E2B18 /* LoginView.swift */; };
		09BF633C2C1470D7009E2B18 /* AuthViewModel.swift in Sources */ = {isa = PBXBuildFile; fileRef = 09BF633B2C1470D7009E2B18 /* AuthViewModel.swift */; };
		09BF633E2C147128009E2B18 /* RegistrationView.swift in Sources */ = {isa = PBXBuildFile; fileRef = 09BF633D2C147128009E2B18 /* RegistrationView.swift */; };
		09BF63402C14714A009E2B18 /* RegistrationViewModel.swift in Sources */ = {isa = PBXBuildFile; fileRef = 09BF633F2C14714A009E2B18 /* RegistrationViewModel.swift */; };
		8CA149C62C1F19020058993A /* CreateRoomView.swift in Sources */ = {isa = PBXBuildFile; fileRef = 8CA149C52C1F19020058993A /* CreateRoomView.swift */; };
		8CEC6FE82C17A79D006BD28C /* Consts.swift in Sources */ = {isa = PBXBuildFile; fileRef = 8CEC6FE72C17A79D006BD28C /* Consts.swift */; };
/* End PBXBuildFile section */

/* Begin PBXContainerItemProxy section */
		099764B12C1AD0770031B0F7 /* PBXContainerItemProxy */ = {
			isa = PBXContainerItemProxy;
			containerPortal = 09BF63132C146A10009E2B18 /* Project object */;
			proxyType = 1;
			remoteGlobalIDString = 09BF631A2C146A10009E2B18;
			remoteInfo = ScrabbleGame;
		};
/* End PBXContainerItemProxy section */

/* Begin PBXFileReference section */
		0928C88E2C19FBE100CBFF3F /* СhooseRoomView.swift */ = {isa = PBXFileReference; lastKnownFileType = sourcecode.swift; path = "СhooseRoomView.swift"; sourceTree = "<group>"; };
		0928C8922C19FC4400CBFF3F /* JoinRoomView.swift */ = {isa = PBXFileReference; lastKnownFileType = sourcecode.swift; path = JoinRoomView.swift; sourceTree = "<group>"; };
		0928C8942C1A00E000CBFF3F /* Room.swift */ = {isa = PBXFileReference; lastKnownFileType = sourcecode.swift; path = Room.swift; sourceTree = "<group>"; };
		0928C8962C1A00F300CBFF3F /* RoomViewModel.swift */ = {isa = PBXFileReference; lastKnownFileType = sourcecode.swift; path = RoomViewModel.swift; sourceTree = "<group>"; };
		0928C8982C1A0C2400CBFF3F /* ProfileView.swift */ = {isa = PBXFileReference; lastKnownFileType = sourcecode.swift; path = ProfileView.swift; sourceTree = "<group>"; };
		0928C89A2C1A0C5C00CBFF3F /* ProfileViewModel.swift */ = {isa = PBXFileReference; lastKnownFileType = sourcecode.swift; path = ProfileViewModel.swift; sourceTree = "<group>"; };
		0928C89C2C1A107B00CBFF3F /* GameRoomView.swift */ = {isa = PBXFileReference; lastKnownFileType = sourcecode.swift; path = GameRoomView.swift; sourceTree = "<group>"; };
		0928C89E2C1A130400CBFF3F /* CustomCellView.swift */ = {isa = PBXFileReference; lastKnownFileType = sourcecode.swift; path = CustomCellView.swift; sourceTree = "<group>"; };
		0928C8A02C1A131A00CBFF3F /* TableViewModel.swift */ = {isa = PBXFileReference; lastKnownFileType = sourcecode.swift; path = TableViewModel.swift; sourceTree = "<group>"; };
		0928C8A22C1A132B00CBFF3F /* GameRoomSettingsView.swift */ = {isa = PBXFileReference; lastKnownFileType = sourcecode.swift; path = GameRoomSettingsView.swift; sourceTree = "<group>"; };
		099764AD2C1AD0770031B0F7 /* ScrabbleGameTests.xctest */ = {isa = PBXFileReference; explicitFileType = wrapper.cfbundle; includeInIndex = 0; path = ScrabbleGameTests.xctest; sourceTree = BUILT_PRODUCTS_DIR; };
		099764AF2C1AD0770031B0F7 /* IntegrationTests.swift */ = {isa = PBXFileReference; lastKnownFileType = sourcecode.swift; path = IntegrationTests.swift; sourceTree = "<group>"; };
		09BF631B2C146A10009E2B18 /* ScrabbleGame.app */ = {isa = PBXFileReference; explicitFileType = wrapper.application; includeInIndex = 0; path = ScrabbleGame.app; sourceTree = BUILT_PRODUCTS_DIR; };
		09BF631E2C146A10009E2B18 /* ScrabbleGameApp.swift */ = {isa = PBXFileReference; lastKnownFileType = sourcecode.swift; path = ScrabbleGameApp.swift; sourceTree = "<group>"; };
		09BF63202C146A10009E2B18 /* ContentView.swift */ = {isa = PBXFileReference; lastKnownFileType = sourcecode.swift; path = ContentView.swift; sourceTree = "<group>"; };
		09BF63222C146A12009E2B18 /* Assets.xcassets */ = {isa = PBXFileReference; lastKnownFileType = folder.assetcatalog; path = Assets.xcassets; sourceTree = "<group>"; };
		09BF63252C146A12009E2B18 /* Preview Assets.xcassets */ = {isa = PBXFileReference; lastKnownFileType = folder.assetcatalog; path = "Preview Assets.xcassets"; sourceTree = "<group>"; };
		09BF63272C146A12009E2B18 /* Persistence.swift */ = {isa = PBXFileReference; lastKnownFileType = sourcecode.swift; path = Persistence.swift; sourceTree = "<group>"; };
		09BF632A2C146A12009E2B18 /* ScrabbleGame.xcdatamodel */ = {isa = PBXFileReference; lastKnownFileType = wrapper.xcdatamodel; path = ScrabbleGame.xcdatamodel; sourceTree = "<group>"; };
		09BF63312C146FCB009E2B18 /* SplashScreenView.swift */ = {isa = PBXFileReference; lastKnownFileType = sourcecode.swift; path = SplashScreenView.swift; sourceTree = "<group>"; };
		09BF63332C147013009E2B18 /* SessionManager.swift */ = {isa = PBXFileReference; lastKnownFileType = sourcecode.swift; path = SessionManager.swift; sourceTree = "<group>"; };
		09BF63352C14704B009E2B18 /* UserManager.swift */ = {isa = PBXFileReference; lastKnownFileType = sourcecode.swift; path = UserManager.swift; sourceTree = "<group>"; };
		09BF63372C14706B009E2B18 /* User.swift */ = {isa = PBXFileReference; lastKnownFileType = sourcecode.swift; path = User.swift; sourceTree = "<group>"; };
		09BF63392C1470A3009E2B18 /* LoginView.swift */ = {isa = PBXFileReference; lastKnownFileType = sourcecode.swift; path = LoginView.swift; sourceTree = "<group>"; };
		09BF633B2C1470D7009E2B18 /* AuthViewModel.swift */ = {isa = PBXFileReference; lastKnownFileType = sourcecode.swift; path = AuthViewModel.swift; sourceTree = "<group>"; };
		09BF633D2C147128009E2B18 /* RegistrationView.swift */ = {isa = PBXFileReference; lastKnownFileType = sourcecode.swift; path = RegistrationView.swift; sourceTree = "<group>"; };
		09BF633F2C14714A009E2B18 /* RegistrationViewModel.swift */ = {isa = PBXFileReference; lastKnownFileType = sourcecode.swift; path = RegistrationViewModel.swift; sourceTree = "<group>"; };
		8CA149C52C1F19020058993A /* CreateRoomView.swift */ = {isa = PBXFileReference; lastKnownFileType = sourcecode.swift; path = CreateRoomView.swift; sourceTree = "<group>"; };
		8CEC6FE72C17A79D006BD28C /* Consts.swift */ = {isa = PBXFileReference; fileEncoding = 4; lastKnownFileType = sourcecode.swift; path = Consts.swift; sourceTree = "<group>"; };
/* End PBXFileReference section */

/* Begin PBXFrameworksBuildPhase section */
		099764AA2C1AD0770031B0F7 /* Frameworks */ = {
			isa = PBXFrameworksBuildPhase;
			buildActionMask = 2147483647;
			files = (
				0994E7F42C1F9D650065D49C /* ViewInspector in Frameworks */,
			);
			runOnlyForDeploymentPostprocessing = 0;
		};
		09BF63182C146A10009E2B18 /* Frameworks */ = {
			isa = PBXFrameworksBuildPhase;
			buildActionMask = 2147483647;
			files = (
				0994E7F22C1F9D5D0065D49C /* ViewInspector in Frameworks */,
			);
			runOnlyForDeploymentPostprocessing = 0;
		};
/* End PBXFrameworksBuildPhase section */

/* Begin PBXGroup section */
		0928C8912C19FC3800CBFF3F /* Components */ = {
			isa = PBXGroup;
			children = (
				0928C8922C19FC4400CBFF3F /* JoinRoomView.swift */,
				0928C89E2C1A130400CBFF3F /* CustomCellView.swift */,
			);
			path = Components;
			sourceTree = "<group>";
		};
		0994E7F02C1F9D5D0065D49C /* Frameworks */ = {
			isa = PBXGroup;
			children = (
			);
			name = Frameworks;
			sourceTree = "<group>";
		};
		099764AE2C1AD0770031B0F7 /* ScrabbleGameTests */ = {
			isa = PBXGroup;
			children = (
				099764AF2C1AD0770031B0F7 /* IntegrationTests.swift */,
			);
			path = ScrabbleGameTests;
			sourceTree = "<group>";
		};
		09BF63122C146A10009E2B18 = {
			isa = PBXGroup;
			children = (
				09BF631D2C146A10009E2B18 /* ScrabbleGame */,
				099764AE2C1AD0770031B0F7 /* ScrabbleGameTests */,
				09BF631C2C146A10009E2B18 /* Products */,
				0994E7F02C1F9D5D0065D49C /* Frameworks */,
			);
			sourceTree = "<group>";
		};
		09BF631C2C146A10009E2B18 /* Products */ = {
			isa = PBXGroup;
			children = (
				09BF631B2C146A10009E2B18 /* ScrabbleGame.app */,
				099764AD2C1AD0770031B0F7 /* ScrabbleGameTests.xctest */,
			);
			name = Products;
			sourceTree = "<group>";
		};
		09BF631D2C146A10009E2B18 /* ScrabbleGame */ = {
			isa = PBXGroup;
			children = (
				0928C8912C19FC3800CBFF3F /* Components */,
				8CEC6FEF2C17A9C5006BD28C /* Manager */,
				8CEC6FEE2C17A998006BD28C /* View */,
				8CEC6FEB2C17A95C006BD28C /* Model */,
				8CEC6FEC2C17A95C006BD28C /* ViewModel */,
				8CEC6FE72C17A79D006BD28C /* Consts.swift */,
				09BF631E2C146A10009E2B18 /* ScrabbleGameApp.swift */,
				09BF63222C146A12009E2B18 /* Assets.xcassets */,
				09BF63272C146A12009E2B18 /* Persistence.swift */,
				09BF63292C146A12009E2B18 /* ScrabbleGame.xcdatamodeld */,
				09BF63242C146A12009E2B18 /* Preview Content */,
			);
			path = ScrabbleGame;
			sourceTree = "<group>";
		};
		09BF63242C146A12009E2B18 /* Preview Content */ = {
			isa = PBXGroup;
			children = (
				09BF63252C146A12009E2B18 /* Preview Assets.xcassets */,
			);
			path = "Preview Content";
			sourceTree = "<group>";
		};
		8CEC6FEB2C17A95C006BD28C /* Model */ = {
			isa = PBXGroup;
			children = (
				09BF63372C14706B009E2B18 /* User.swift */,
				0928C8942C1A00E000CBFF3F /* Room.swift */,
			);
			name = Model;
			path = ScrabbleGame/Model;
			sourceTree = SOURCE_ROOT;
		};
		8CEC6FEC2C17A95C006BD28C /* ViewModel */ = {
			isa = PBXGroup;
			children = (
				09BF633B2C1470D7009E2B18 /* AuthViewModel.swift */,
				09BF633F2C14714A009E2B18 /* RegistrationViewModel.swift */,
				0928C8962C1A00F300CBFF3F /* RoomViewModel.swift */,
				0928C89A2C1A0C5C00CBFF3F /* ProfileViewModel.swift */,
				0928C8A02C1A131A00CBFF3F /* TableViewModel.swift */,
			);
			name = ViewModel;
			path = ScrabbleGame/ViewModel;
			sourceTree = SOURCE_ROOT;
		};
		8CEC6FEE2C17A998006BD28C /* View */ = {
			isa = PBXGroup;
			children = (
				09BF63392C1470A3009E2B18 /* LoginView.swift */,
				09BF63312C146FCB009E2B18 /* SplashScreenView.swift */,
				8CA149C52C1F19020058993A /* CreateRoomView.swift */,
				09BF63202C146A10009E2B18 /* ContentView.swift */,
				09BF633D2C147128009E2B18 /* RegistrationView.swift */,
				0928C88E2C19FBE100CBFF3F /* СhooseRoomView.swift */,
				0928C8982C1A0C2400CBFF3F /* ProfileView.swift */,
				0928C89C2C1A107B00CBFF3F /* GameRoomView.swift */,
				0928C8A22C1A132B00CBFF3F /* GameRoomSettingsView.swift */,
			);
			path = View;
			sourceTree = "<group>";
		};
		8CEC6FEF2C17A9C5006BD28C /* Manager */ = {
			isa = PBXGroup;
			children = (
				09BF63332C147013009E2B18 /* SessionManager.swift */,
				09BF63352C14704B009E2B18 /* UserManager.swift */,
			);
			path = Manager;
			sourceTree = "<group>";
		};
/* End PBXGroup section */

/* Begin PBXNativeTarget section */
		099764AC2C1AD0770031B0F7 /* ScrabbleGameTests */ = {
			isa = PBXNativeTarget;
			buildConfigurationList = 099764B32C1AD0770031B0F7 /* Build configuration list for PBXNativeTarget "ScrabbleGameTests" */;
			buildPhases = (
				099764A92C1AD0770031B0F7 /* Sources */,
				099764AA2C1AD0770031B0F7 /* Frameworks */,
				099764AB2C1AD0770031B0F7 /* Resources */,
			);
			buildRules = (
			);
			dependencies = (
				099764B22C1AD0770031B0F7 /* PBXTargetDependency */,
			);
			name = ScrabbleGameTests;
			packageProductDependencies = (
				0994E7F32C1F9D650065D49C /* ViewInspector */,
			);
			productName = ScrabbleGameTests;
			productReference = 099764AD2C1AD0770031B0F7 /* ScrabbleGameTests.xctest */;
			productType = "com.apple.product-type.bundle.unit-test";
		};
		09BF631A2C146A10009E2B18 /* ScrabbleGame */ = {
			isa = PBXNativeTarget;
			buildConfigurationList = 09BF632E2C146A12009E2B18 /* Build configuration list for PBXNativeTarget "ScrabbleGame" */;
			buildPhases = (
				09BF63172C146A10009E2B18 /* Sources */,
				09BF63182C146A10009E2B18 /* Frameworks */,
				09BF63192C146A10009E2B18 /* Resources */,
			);
			buildRules = (
			);
			dependencies = (
			);
			name = ScrabbleGame;
			packageProductDependencies = (
				0994E7F12C1F9D5D0065D49C /* ViewInspector */,
			);
			productName = ScrabbleGame;
			productReference = 09BF631B2C146A10009E2B18 /* ScrabbleGame.app */;
			productType = "com.apple.product-type.application";
		};
/* End PBXNativeTarget section */

/* Begin PBXProject section */
		09BF63132C146A10009E2B18 /* Project object */ = {
			isa = PBXProject;
			attributes = {
				BuildIndependentTargetsInParallel = 1;
				LastSwiftUpdateCheck = 1540;
				LastUpgradeCheck = 1520;
				TargetAttributes = {
					099764AC2C1AD0770031B0F7 = {
						CreatedOnToolsVersion = 15.4;
						TestTargetID = 09BF631A2C146A10009E2B18;
					};
					09BF631A2C146A10009E2B18 = {
						CreatedOnToolsVersion = 15.2;
					};
				};
			};
			buildConfigurationList = 09BF63162C146A10009E2B18 /* Build configuration list for PBXProject "ScrabbleGame" */;
			compatibilityVersion = "Xcode 14.0";
			developmentRegion = en;
			hasScannedForEncodings = 0;
			knownRegions = (
				en,
				Base,
			);
			mainGroup = 09BF63122C146A10009E2B18;
			packageReferences = (
				0994E7EF2C1F9C350065D49C /* XCRemoteSwiftPackageReference "ViewInspector" */,
			);
			productRefGroup = 09BF631C2C146A10009E2B18 /* Products */;
			projectDirPath = "";
			projectRoot = "";
			targets = (
				09BF631A2C146A10009E2B18 /* ScrabbleGame */,
				099764AC2C1AD0770031B0F7 /* ScrabbleGameTests */,
			);
		};
/* End PBXProject section */

/* Begin PBXResourcesBuildPhase section */
		099764AB2C1AD0770031B0F7 /* Resources */ = {
			isa = PBXResourcesBuildPhase;
			buildActionMask = 2147483647;
			files = (
			);
			runOnlyForDeploymentPostprocessing = 0;
		};
		09BF63192C146A10009E2B18 /* Resources */ = {
			isa = PBXResourcesBuildPhase;
			buildActionMask = 2147483647;
			files = (
				09BF63262C146A12009E2B18 /* Preview Assets.xcassets in Resources */,
				09BF63232C146A12009E2B18 /* Assets.xcassets in Resources */,
			);
			runOnlyForDeploymentPostprocessing = 0;
		};
/* End PBXResourcesBuildPhase section */

/* Begin PBXSourcesBuildPhase section */
		099764A92C1AD0770031B0F7 /* Sources */ = {
			isa = PBXSourcesBuildPhase;
			buildActionMask = 2147483647;
			files = (
				099764B02C1AD0770031B0F7 /* IntegrationTests.swift in Sources */,
			);
			runOnlyForDeploymentPostprocessing = 0;
		};
		09BF63172C146A10009E2B18 /* Sources */ = {
			isa = PBXSourcesBuildPhase;
			buildActionMask = 2147483647;
			files = (
				09BF633E2C147128009E2B18 /* RegistrationView.swift in Sources */,
				0928C89F2C1A130400CBFF3F /* CustomCellView.swift in Sources */,
				0928C89B2C1A0C5C00CBFF3F /* ProfileViewModel.swift in Sources */,
				8CA149C62C1F19020058993A /* CreateRoomView.swift in Sources */,
				09BF63402C14714A009E2B18 /* RegistrationViewModel.swift in Sources */,
				0928C8952C1A00E000CBFF3F /* Room.swift in Sources */,
				0928C8932C19FC4400CBFF3F /* JoinRoomView.swift in Sources */,
				09BF63282C146A12009E2B18 /* Persistence.swift in Sources */,
				8CEC6FE82C17A79D006BD28C /* Consts.swift in Sources */,
				09BF632B2C146A12009E2B18 /* ScrabbleGame.xcdatamodeld in Sources */,
				09BF63362C14704B009E2B18 /* UserManager.swift in Sources */,
				09BF633A2C1470A4009E2B18 /* LoginView.swift in Sources */,
				09BF63342C147013009E2B18 /* SessionManager.swift in Sources */,
				0928C89D2C1A107B00CBFF3F /* GameRoomView.swift in Sources */,
				0928C8A12C1A131A00CBFF3F /* TableViewModel.swift in Sources */,
				0928C8992C1A0C2400CBFF3F /* ProfileView.swift in Sources */,
				09BF63382C14706B009E2B18 /* User.swift in Sources */,
				09BF63322C146FCB009E2B18 /* SplashScreenView.swift in Sources */,
				0928C8972C1A00F300CBFF3F /* RoomViewModel.swift in Sources */,
				0928C88F2C19FBE100CBFF3F /* СhooseRoomView.swift in Sources */,
				0928C8A32C1A132B00CBFF3F /* GameRoomSettingsView.swift in Sources */,
				09BF63212C146A10009E2B18 /* ContentView.swift in Sources */,
				09BF633C2C1470D7009E2B18 /* AuthViewModel.swift in Sources */,
				09BF631F2C146A10009E2B18 /* ScrabbleGameApp.swift in Sources */,
			);
			runOnlyForDeploymentPostprocessing = 0;
		};
/* End PBXSourcesBuildPhase section */

/* Begin PBXTargetDependency section */
		099764B22C1AD0770031B0F7 /* PBXTargetDependency */ = {
			isa = PBXTargetDependency;
			target = 09BF631A2C146A10009E2B18 /* ScrabbleGame */;
			targetProxy = 099764B12C1AD0770031B0F7 /* PBXContainerItemProxy */;
		};
/* End PBXTargetDependency section */

/* Begin XCBuildConfiguration section */
		099764B42C1AD0770031B0F7 /* Debug */ = {
			isa = XCBuildConfiguration;
			buildSettings = {
				BUNDLE_LOADER = "$(TEST_HOST)";
				CODE_SIGN_STYLE = Automatic;
				CURRENT_PROJECT_VERSION = 1;
				DEVELOPMENT_TEAM = G5ZDRD88ZH;
				GENERATE_INFOPLIST_FILE = YES;
				IPHONEOS_DEPLOYMENT_TARGET = 16.0;
				MARKETING_VERSION = 1.0;
				PRODUCT_BUNDLE_IDENTIFIER = ilka.ScrabbleGameTests;
				PRODUCT_NAME = "$(TARGET_NAME)";
				SWIFT_EMIT_LOC_STRINGS = NO;
				SWIFT_VERSION = 5.0;
				TARGETED_DEVICE_FAMILY = "1,2";
				TEST_HOST = "$(BUILT_PRODUCTS_DIR)/ScrabbleGame.app/$(BUNDLE_EXECUTABLE_FOLDER_PATH)/ScrabbleGame";
			};
			name = Debug;
		};
		099764B52C1AD0770031B0F7 /* Release */ = {
			isa = XCBuildConfiguration;
			buildSettings = {
				BUNDLE_LOADER = "$(TEST_HOST)";
				CODE_SIGN_STYLE = Automatic;
				CURRENT_PROJECT_VERSION = 1;
				DEVELOPMENT_TEAM = G5ZDRD88ZH;
				GENERATE_INFOPLIST_FILE = YES;
				IPHONEOS_DEPLOYMENT_TARGET = 16.0;
				MARKETING_VERSION = 1.0;
				PRODUCT_BUNDLE_IDENTIFIER = ilka.ScrabbleGameTests;
				PRODUCT_NAME = "$(TARGET_NAME)";
				SWIFT_EMIT_LOC_STRINGS = NO;
				SWIFT_VERSION = 5.0;
				TARGETED_DEVICE_FAMILY = "1,2";
				TEST_HOST = "$(BUILT_PRODUCTS_DIR)/ScrabbleGame.app/$(BUNDLE_EXECUTABLE_FOLDER_PATH)/ScrabbleGame";
			};
			name = Release;
		};
		09BF632C2C146A12009E2B18 /* Debug */ = {
			isa = XCBuildConfiguration;
			buildSettings = {
				ALWAYS_SEARCH_USER_PATHS = NO;
				ASSETCATALOG_COMPILER_GENERATE_SWIFT_ASSET_SYMBOL_EXTENSIONS = YES;
				CLANG_ANALYZER_NONNULL = YES;
				CLANG_ANALYZER_NUMBER_OBJECT_CONVERSION = YES_AGGRESSIVE;
				CLANG_CXX_LANGUAGE_STANDARD = "gnu++20";
				CLANG_ENABLE_MODULES = YES;
				CLANG_ENABLE_OBJC_ARC = YES;
				CLANG_ENABLE_OBJC_WEAK = YES;
				CLANG_WARN_BLOCK_CAPTURE_AUTORELEASING = YES;
				CLANG_WARN_BOOL_CONVERSION = YES;
				CLANG_WARN_COMMA = YES;
				CLANG_WARN_CONSTANT_CONVERSION = YES;
				CLANG_WARN_DEPRECATED_OBJC_IMPLEMENTATIONS = YES;
				CLANG_WARN_DIRECT_OBJC_ISA_USAGE = YES_ERROR;
				CLANG_WARN_DOCUMENTATION_COMMENTS = YES;
				CLANG_WARN_EMPTY_BODY = YES;
				CLANG_WARN_ENUM_CONVERSION = YES;
				CLANG_WARN_INFINITE_RECURSION = YES;
				CLANG_WARN_INT_CONVERSION = YES;
				CLANG_WARN_NON_LITERAL_NULL_CONVERSION = YES;
				CLANG_WARN_OBJC_IMPLICIT_RETAIN_SELF = YES;
				CLANG_WARN_OBJC_LITERAL_CONVERSION = YES;
				CLANG_WARN_OBJC_ROOT_CLASS = YES_ERROR;
				CLANG_WARN_QUOTED_INCLUDE_IN_FRAMEWORK_HEADER = YES;
				CLANG_WARN_RANGE_LOOP_ANALYSIS = YES;
				CLANG_WARN_STRICT_PROTOTYPES = YES;
				CLANG_WARN_SUSPICIOUS_MOVE = YES;
				CLANG_WARN_UNGUARDED_AVAILABILITY = YES_AGGRESSIVE;
				CLANG_WARN_UNREACHABLE_CODE = YES;
				CLANG_WARN__DUPLICATE_METHOD_MATCH = YES;
				COPY_PHASE_STRIP = NO;
				DEBUG_INFORMATION_FORMAT = dwarf;
				ENABLE_STRICT_OBJC_MSGSEND = YES;
				ENABLE_TESTABILITY = YES;
				ENABLE_USER_SCRIPT_SANDBOXING = YES;
				GCC_C_LANGUAGE_STANDARD = gnu17;
				GCC_DYNAMIC_NO_PIC = NO;
				GCC_NO_COMMON_BLOCKS = YES;
				GCC_OPTIMIZATION_LEVEL = 0;
				GCC_PREPROCESSOR_DEFINITIONS = (
					"DEBUG=1",
					"$(inherited)",
				);
				GCC_WARN_64_TO_32_BIT_CONVERSION = YES;
				GCC_WARN_ABOUT_RETURN_TYPE = YES_ERROR;
				GCC_WARN_UNDECLARED_SELECTOR = YES;
				GCC_WARN_UNINITIALIZED_AUTOS = YES_AGGRESSIVE;
				GCC_WARN_UNUSED_FUNCTION = YES;
				GCC_WARN_UNUSED_VARIABLE = YES;
				IPHONEOS_DEPLOYMENT_TARGET = 16.0;
				LOCALIZATION_PREFERS_STRING_CATALOGS = YES;
				MTL_ENABLE_DEBUG_INFO = INCLUDE_SOURCE;
				MTL_FAST_MATH = YES;
				ONLY_ACTIVE_ARCH = YES;
				SDKROOT = iphoneos;
				SWIFT_ACTIVE_COMPILATION_CONDITIONS = "DEBUG $(inherited)";
				SWIFT_OPTIMIZATION_LEVEL = "-Onone";
			};
			name = Debug;
		};
		09BF632D2C146A12009E2B18 /* Release */ = {
			isa = XCBuildConfiguration;
			buildSettings = {
				ALWAYS_SEARCH_USER_PATHS = NO;
				ASSETCATALOG_COMPILER_GENERATE_SWIFT_ASSET_SYMBOL_EXTENSIONS = YES;
				CLANG_ANALYZER_NONNULL = YES;
				CLANG_ANALYZER_NUMBER_OBJECT_CONVERSION = YES_AGGRESSIVE;
				CLANG_CXX_LANGUAGE_STANDARD = "gnu++20";
				CLANG_ENABLE_MODULES = YES;
				CLANG_ENABLE_OBJC_ARC = YES;
				CLANG_ENABLE_OBJC_WEAK = YES;
				CLANG_WARN_BLOCK_CAPTURE_AUTORELEASING = YES;
				CLANG_WARN_BOOL_CONVERSION = YES;
				CLANG_WARN_COMMA = YES;
				CLANG_WARN_CONSTANT_CONVERSION = YES;
				CLANG_WARN_DEPRECATED_OBJC_IMPLEMENTATIONS = YES;
				CLANG_WARN_DIRECT_OBJC_ISA_USAGE = YES_ERROR;
				CLANG_WARN_DOCUMENTATION_COMMENTS = YES;
				CLANG_WARN_EMPTY_BODY = YES;
				CLANG_WARN_ENUM_CONVERSION = YES;
				CLANG_WARN_INFINITE_RECURSION = YES;
				CLANG_WARN_INT_CONVERSION = YES;
				CLANG_WARN_NON_LITERAL_NULL_CONVERSION = YES;
				CLANG_WARN_OBJC_IMPLICIT_RETAIN_SELF = YES;
				CLANG_WARN_OBJC_LITERAL_CONVERSION = YES;
				CLANG_WARN_OBJC_ROOT_CLASS = YES_ERROR;
				CLANG_WARN_QUOTED_INCLUDE_IN_FRAMEWORK_HEADER = YES;
				CLANG_WARN_RANGE_LOOP_ANALYSIS = YES;
				CLANG_WARN_STRICT_PROTOTYPES = YES;
				CLANG_WARN_SUSPICIOUS_MOVE = YES;
				CLANG_WARN_UNGUARDED_AVAILABILITY = YES_AGGRESSIVE;
				CLANG_WARN_UNREACHABLE_CODE = YES;
				CLANG_WARN__DUPLICATE_METHOD_MATCH = YES;
				COPY_PHASE_STRIP = NO;
				DEBUG_INFORMATION_FORMAT = "dwarf-with-dsym";
				ENABLE_NS_ASSERTIONS = NO;
				ENABLE_STRICT_OBJC_MSGSEND = YES;
				ENABLE_USER_SCRIPT_SANDBOXING = YES;
				GCC_C_LANGUAGE_STANDARD = gnu17;
				GCC_NO_COMMON_BLOCKS = YES;
				GCC_WARN_64_TO_32_BIT_CONVERSION = YES;
				GCC_WARN_ABOUT_RETURN_TYPE = YES_ERROR;
				GCC_WARN_UNDECLARED_SELECTOR = YES;
				GCC_WARN_UNINITIALIZED_AUTOS = YES_AGGRESSIVE;
				GCC_WARN_UNUSED_FUNCTION = YES;
				GCC_WARN_UNUSED_VARIABLE = YES;
				IPHONEOS_DEPLOYMENT_TARGET = 16.0;
				LOCALIZATION_PREFERS_STRING_CATALOGS = YES;
				MTL_ENABLE_DEBUG_INFO = NO;
				MTL_FAST_MATH = YES;
				SDKROOT = iphoneos;
				SWIFT_COMPILATION_MODE = wholemodule;
				VALIDATE_PRODUCT = YES;
			};
			name = Release;
		};
		09BF632F2C146A12009E2B18 /* Debug */ = {
			isa = XCBuildConfiguration;
			buildSettings = {
				ASSETCATALOG_COMPILER_APPICON_NAME = AppIcon;
				ASSETCATALOG_COMPILER_GLOBAL_ACCENT_COLOR_NAME = AccentColor;
				CODE_SIGN_STYLE = Automatic;
				CURRENT_PROJECT_VERSION = 1;
				DEVELOPMENT_ASSET_PATHS = "\"ScrabbleGame/Preview Content\"";
				DEVELOPMENT_TEAM = G5ZDRD88ZH;
				ENABLE_PREVIEWS = YES;
				GENERATE_INFOPLIST_FILE = YES;
				INFOPLIST_KEY_UIApplicationSceneManifest_Generation = YES;
				INFOPLIST_KEY_UIApplicationSupportsIndirectInputEvents = YES;
				INFOPLIST_KEY_UILaunchScreen_Generation = YES;
				INFOPLIST_KEY_UISupportedInterfaceOrientations_iPad = "UIInterfaceOrientationPortrait UIInterfaceOrientationPortraitUpsideDown UIInterfaceOrientationLandscapeLeft UIInterfaceOrientationLandscapeRight";
				INFOPLIST_KEY_UISupportedInterfaceOrientations_iPhone = "UIInterfaceOrientationPortrait UIInterfaceOrientationLandscapeLeft UIInterfaceOrientationLandscapeRight";
				IPHONEOS_DEPLOYMENT_TARGET = 16.0;
				LD_RUNPATH_SEARCH_PATHS = (
					"$(inherited)",
					"@executable_path/Frameworks",
				);
				MARKETING_VERSION = 1.0;
				PRODUCT_BUNDLE_IDENTIFIER = ru.ScrabbleGame.ScrabbleGame;
				PRODUCT_NAME = "$(TARGET_NAME)";
				SWIFT_EMIT_LOC_STRINGS = YES;
				SWIFT_VERSION = 5.0;
				TARGETED_DEVICE_FAMILY = "1,2";
			};
			name = Debug;
		};
		09BF63302C146A12009E2B18 /* Release */ = {
			isa = XCBuildConfiguration;
			buildSettings = {
				ASSETCATALOG_COMPILER_APPICON_NAME = AppIcon;
				ASSETCATALOG_COMPILER_GLOBAL_ACCENT_COLOR_NAME = AccentColor;
				CODE_SIGN_STYLE = Automatic;
				CURRENT_PROJECT_VERSION = 1;
				DEVELOPMENT_ASSET_PATHS = "\"ScrabbleGame/Preview Content\"";
				DEVELOPMENT_TEAM = G5ZDRD88ZH;
				ENABLE_PREVIEWS = YES;
				GENERATE_INFOPLIST_FILE = YES;
				INFOPLIST_KEY_UIApplicationSceneManifest_Generation = YES;
				INFOPLIST_KEY_UIApplicationSupportsIndirectInputEvents = YES;
				INFOPLIST_KEY_UILaunchScreen_Generation = YES;
				INFOPLIST_KEY_UISupportedInterfaceOrientations_iPad = "UIInterfaceOrientationPortrait UIInterfaceOrientationPortraitUpsideDown UIInterfaceOrientationLandscapeLeft UIInterfaceOrientationLandscapeRight";
				INFOPLIST_KEY_UISupportedInterfaceOrientations_iPhone = "UIInterfaceOrientationPortrait UIInterfaceOrientationLandscapeLeft UIInterfaceOrientationLandscapeRight";
				IPHONEOS_DEPLOYMENT_TARGET = 16.0;
				LD_RUNPATH_SEARCH_PATHS = (
					"$(inherited)",
					"@executable_path/Frameworks",
				);
				MARKETING_VERSION = 1.0;
				PRODUCT_BUNDLE_IDENTIFIER = ru.ScrabbleGame.ScrabbleGame;
				PRODUCT_NAME = "$(TARGET_NAME)";
				SWIFT_EMIT_LOC_STRINGS = YES;
				SWIFT_VERSION = 5.0;
				TARGETED_DEVICE_FAMILY = "1,2";
			};
			name = Release;
		};
/* End XCBuildConfiguration section */

/* Begin XCConfigurationList section */
		099764B32C1AD0770031B0F7 /* Build configuration list for PBXNativeTarget "ScrabbleGameTests" */ = {
			isa = XCConfigurationList;
			buildConfigurations = (
				099764B42C1AD0770031B0F7 /* Debug */,
				099764B52C1AD0770031B0F7 /* Release */,
			);
			defaultConfigurationIsVisible = 0;
			defaultConfigurationName = Release;
		};
		09BF63162C146A10009E2B18 /* Build configuration list for PBXProject "ScrabbleGame" */ = {
			isa = XCConfigurationList;
			buildConfigurations = (
				09BF632C2C146A12009E2B18 /* Debug */,
				09BF632D2C146A12009E2B18 /* Release */,
			);
			defaultConfigurationIsVisible = 0;
			defaultConfigurationName = Release;
		};
		09BF632E2C146A12009E2B18 /* Build configuration list for PBXNativeTarget "ScrabbleGame" */ = {
			isa = XCConfigurationList;
			buildConfigurations = (
				09BF632F2C146A12009E2B18 /* Debug */,
				09BF63302C146A12009E2B18 /* Release */,
			);
			defaultConfigurationIsVisible = 0;
			defaultConfigurationName = Release;
		};
/* End XCConfigurationList section */

/* Begin XCRemoteSwiftPackageReference section */
		0994E7EF2C1F9C350065D49C /* XCRemoteSwiftPackageReference "ViewInspector" */ = {
			isa = XCRemoteSwiftPackageReference;
			repositoryURL = "https://github.com/nalexn/ViewInspector.git";
			requirement = {
				kind = upToNextMajorVersion;
				minimumVersion = 0.9.11;
			};
		};
/* End XCRemoteSwiftPackageReference section */

/* Begin XCSwiftPackageProductDependency section */
		0994E7F12C1F9D5D0065D49C /* ViewInspector */ = {
			isa = XCSwiftPackageProductDependency;
			package = 0994E7EF2C1F9C350065D49C /* XCRemoteSwiftPackageReference "ViewInspector" */;
			productName = ViewInspector;
		};
		0994E7F32C1F9D650065D49C /* ViewInspector */ = {
			isa = XCSwiftPackageProductDependency;
			package = 0994E7EF2C1F9C350065D49C /* XCRemoteSwiftPackageReference "ViewInspector" */;
			productName = ViewInspector;
		};
/* End XCSwiftPackageProductDependency section */

/* Begin XCVersionGroup section */
		09BF63292C146A12009E2B18 /* ScrabbleGame.xcdatamodeld */ = {
			isa = XCVersionGroup;
			children = (
				09BF632A2C146A12009E2B18 /* ScrabbleGame.xcdatamodel */,
			);
			currentVersion = 09BF632A2C146A12009E2B18 /* ScrabbleGame.xcdatamodel */;
			path = ScrabbleGame.xcdatamodeld;
			sourceTree = "<group>";
			versionGroupType = wrapper.xcdatamodel;
		};
/* End XCVersionGroup section */
	};
	rootObject = 09BF63132C146A10009E2B18 /* Project object */;
}
